
Microsoft Visual Studio Solution File, Format Version 12.00
Project("{2150E333-8FDC-42A3-9474-1A3956D46DE8}") = "EFlow", "EFlow", "{140A259E-89E9-4BAD-BC98-C324A1896346}"
EndProject
Project("{2150E333-8FDC-42A3-9474-1A3956D46DE8}") = "Presentation", "Presentation", "{CBD35D59-9A66-42D5-8A63-BD64A26169D5}"
EndProject
Project("{FAE04EC0-301F-11D3-BF4B-00C04F79EFBC}") = "EFLow.Presentation", "EFlow\Presentation\EFLow.Presentation\EFLow.Presentation.csproj", "{1EF70C2A-286D-4B8A-978A-87A11429AEB9}"
EndProject
Project("{2150E333-8FDC-42A3-9474-1A3956D46DE8}") = "Core", "Core", "{39CDB305-6C8E-450D-8DB3-B9E62B3795D3}"
EndProject
Project("{2150E333-8FDC-42A3-9474-1A3956D46DE8}") = "Infrastructure", "Infrastructure", "{0BC83752-8364-40E4-9CF0-1C67BB8248C7}"
EndProject
Project("{FAE04EC0-301F-11D3-BF4B-00C04F79EFBC}") = "EFlow.Persistence", "EFlow\Infrastructure\EFlow.Persistence\EFlow.Persistence.csproj", "{5C3249E5-72D4-4CC7-B970-98763992E70B}"
EndProject
Project("{FAE04EC0-301F-11D3-BF4B-00C04F79EFBC}") = "EFlow.Application", "EFlow\Core\EFlow.Application\EFlow.Application.csproj", "{E299F72B-AE8F-4772-B4AD-D1375BC97D7F}"
EndProject
Project("{FAE04EC0-301F-11D3-BF4B-00C04F79EFBC}") = "EFlow.Domain", "EFlow\Core\EFlow.Domain\EFlow.Domain.csproj", "{6D9B6F26-77CF-4079-ABBF-E7E5E4B45379}"
EndProject
Project("{2150E333-8FDC-42A3-9474-1A3956D46DE8}") = "Web", "Web", "{F0446D9E-ECC4-440D-AC9E-0A7AF8735536}"
EndProject
Project("{FAE04EC0-301F-11D3-BF4B-00C04F79EFBC}") = "EFlow.WebApi", "EFlow\Web\EFlow.WebApi\EFlow.WebApi.csproj", "{409EAF91-6A27-4DDC-8383-A9FEB0298011}"
EndProject
Project("{FAE04EC0-301F-11D3-BF4B-00C04F79EFBC}") = "EFlow.Services", "EFlow\Core\EFlow.Services\EFlow.Services.csproj", "{246D9718-B5D6-4070-A7C2-987A79A6621B}"
EndProject
Project("{2150E333-8FDC-42A3-9474-1A3956D46DE8}") = "Eflow.Contracts", "Eflow.Contracts", "{9DE89F28-149C-436F-86EC-BED5D212E19C}"
EndProject
Project("{FAE04EC0-301F-11D3-BF4B-00C04F79EFBC}") = "EFlow.Contracts", "EFlow.Contracts\EFlow.Contracts.csproj", "{B8543FC0-535F-42BA-87DF-0FFC8B2C3FCA}"
EndProject
Project("{2150E333-8FDC-42A3-9474-1A3956D46DE8}") = "EFlow.Notifications", "EFlow.Notifications", "{9CC8FA35-5931-44C1-B2D0-042B335EB43A}"
EndProject
Project("{2150E333-8FDC-42A3-9474-1A3956D46DE8}") = "Core", "Core", "{5951CBE1-F678-4827-97F4-0BA5CBCC53EC}"
EndProject
Project("{2150E333-8FDC-42A3-9474-1A3956D46DE8}") = "Web", "Web", "{4D916408-DE5F-4B8E-A2F3-8D8A55B62098}"
EndProject
Project("{2150E333-8FDC-42A3-9474-1A3956D46DE8}") = "Infrastructure", "Infrastructure", "{7739E123-CA58-4A95-81F4-EBE3D4B82684}"
EndProject
Project("{FAE04EC0-301F-11D3-BF4B-00C04F79EFBC}") = "EFlow.Notifications.WebApi", "EFlow.Notifications\Web\EFlow.Notifications.WebApi\EFlow.Notifications.WebApi.csproj", "{21F3D0E6-1766-4FC5-9B6B-9B15BB0226BD}"
EndProject
Project("{FAE04EC0-301F-11D3-BF4B-00C04F79EFBC}") = "EFlow.Notifications.Messaging", "EFlow.Notifications\Infrastructure\EFlow.Notifications.Messaging\EFlow.Notifications.Messaging.csproj", "{37A55CCE-D6D1-413C-B888-A99140430604}"
EndProject
Project("{FAE04EC0-301F-11D3-BF4B-00C04F79EFBC}") = "EFlow.Notifications.Services", "EFlow.Notifications\Core\EFlow.Notifications.Services\EFlow.Notifications.Services.csproj", "{B68F9C47-4354-4914-8800-5A66710559F5}"
EndProject
Project("{FAE04EC0-301F-11D3-BF4B-00C04F79EFBC}") = "EFlow.Messaging", "EFlow\Infrastructure\EFlow.Messaging\EFlow.Messaging.csproj", "{5D7CB060-88B2-4AD1-B021-38C9589F1495}"
EndProject
Project("{2150E333-8FDC-42A3-9474-1A3956D46DE8}") = "Tests", "Tests", "{10E82BA9-1D7C-442B-87DD-46196FF29816}"
EndProject
Project("{FAE04EC0-301F-11D3-BF4B-00C04F79EFBC}") = "EFlow.ArchitectureTests", "EFlow\Tests\EFlow.ArchitectureTests\EFlow.ArchitectureTests.csproj", "{9B1BA4C2-76DD-487A-95B2-C25B3AC703B8}"
EndProject
Global
	GlobalSection(SolutionConfigurationPlatforms) = preSolution
		Debug|Any CPU = Debug|Any CPU
		Release|Any CPU = Release|Any CPU
	EndGlobalSection
	GlobalSection(ProjectConfigurationPlatforms) = postSolution
		{1EF70C2A-286D-4B8A-978A-87A11429AEB9}.Debug|Any CPU.ActiveCfg = Debug|Any CPU
		{1EF70C2A-286D-4B8A-978A-87A11429AEB9}.Debug|Any CPU.Build.0 = Debug|Any CPU
		{1EF70C2A-286D-4B8A-978A-87A11429AEB9}.Release|Any CPU.ActiveCfg = Release|Any CPU
		{1EF70C2A-286D-4B8A-978A-87A11429AEB9}.Release|Any CPU.Build.0 = Release|Any CPU
		{5C3249E5-72D4-4CC7-B970-98763992E70B}.Debug|Any CPU.ActiveCfg = Debug|Any CPU
		{5C3249E5-72D4-4CC7-B970-98763992E70B}.Debug|Any CPU.Build.0 = Debug|Any CPU
		{5C3249E5-72D4-4CC7-B970-98763992E70B}.Release|Any CPU.ActiveCfg = Release|Any CPU
		{5C3249E5-72D4-4CC7-B970-98763992E70B}.Release|Any CPU.Build.0 = Release|Any CPU
		{E299F72B-AE8F-4772-B4AD-D1375BC97D7F}.Debug|Any CPU.ActiveCfg = Debug|Any CPU
		{E299F72B-AE8F-4772-B4AD-D1375BC97D7F}.Debug|Any CPU.Build.0 = Debug|Any CPU
		{E299F72B-AE8F-4772-B4AD-D1375BC97D7F}.Release|Any CPU.ActiveCfg = Release|Any CPU
		{E299F72B-AE8F-4772-B4AD-D1375BC97D7F}.Release|Any CPU.Build.0 = Release|Any CPU
		{6D9B6F26-77CF-4079-ABBF-E7E5E4B45379}.Debug|Any CPU.ActiveCfg = Debug|Any CPU
		{6D9B6F26-77CF-4079-ABBF-E7E5E4B45379}.Debug|Any CPU.Build.0 = Debug|Any CPU
		{6D9B6F26-77CF-4079-ABBF-E7E5E4B45379}.Release|Any CPU.ActiveCfg = Release|Any CPU
		{6D9B6F26-77CF-4079-ABBF-E7E5E4B45379}.Release|Any CPU.Build.0 = Release|Any CPU
		{AE9E25EA-6065-42F8-872E-563AE4C4D83C}.Debug|Any CPU.ActiveCfg = Debug|Any CPU
		{AE9E25EA-6065-42F8-872E-563AE4C4D83C}.Debug|Any CPU.Build.0 = Debug|Any CPU
		{AE9E25EA-6065-42F8-872E-563AE4C4D83C}.Release|Any CPU.ActiveCfg = Release|Any CPU
		{AE9E25EA-6065-42F8-872E-563AE4C4D83C}.Release|Any CPU.Build.0 = Release|Any CPU
		{FCDE7328-9DEF-4C8A-891C-AA9DF684C19B}.Debug|Any CPU.ActiveCfg = Debug|Any CPU
		{FCDE7328-9DEF-4C8A-891C-AA9DF684C19B}.Debug|Any CPU.Build.0 = Debug|Any CPU
		{FCDE7328-9DEF-4C8A-891C-AA9DF684C19B}.Release|Any CPU.ActiveCfg = Release|Any CPU
		{FCDE7328-9DEF-4C8A-891C-AA9DF684C19B}.Release|Any CPU.Build.0 = Release|Any CPU
		{409EAF91-6A27-4DDC-8383-A9FEB0298011}.Debug|Any CPU.ActiveCfg = Debug|Any CPU
		{409EAF91-6A27-4DDC-8383-A9FEB0298011}.Debug|Any CPU.Build.0 = Debug|Any CPU
		{409EAF91-6A27-4DDC-8383-A9FEB0298011}.Release|Any CPU.ActiveCfg = Release|Any CPU
		{409EAF91-6A27-4DDC-8383-A9FEB0298011}.Release|Any CPU.Build.0 = Release|Any CPU
		{246D9718-B5D6-4070-A7C2-987A79A6621B}.Debug|Any CPU.ActiveCfg = Debug|Any CPU
		{246D9718-B5D6-4070-A7C2-987A79A6621B}.Debug|Any CPU.Build.0 = Debug|Any CPU
		{246D9718-B5D6-4070-A7C2-987A79A6621B}.Release|Any CPU.ActiveCfg = Release|Any CPU
		{246D9718-B5D6-4070-A7C2-987A79A6621B}.Release|Any CPU.Build.0 = Release|Any CPU
		{B8543FC0-535F-42BA-87DF-0FFC8B2C3FCA}.Debug|Any CPU.ActiveCfg = Debug|Any CPU
		{B8543FC0-535F-42BA-87DF-0FFC8B2C3FCA}.Debug|Any CPU.Build.0 = Debug|Any CPU
		{B8543FC0-535F-42BA-87DF-0FFC8B2C3FCA}.Release|Any CPU.ActiveCfg = Release|Any CPU
		{B8543FC0-535F-42BA-87DF-0FFC8B2C3FCA}.Release|Any CPU.Build.0 = Release|Any CPU
		{21F3D0E6-1766-4FC5-9B6B-9B15BB0226BD}.Debug|Any CPU.ActiveCfg = Debug|Any CPU
		{21F3D0E6-1766-4FC5-9B6B-9B15BB0226BD}.Debug|Any CPU.Build.0 = Debug|Any CPU
		{21F3D0E6-1766-4FC5-9B6B-9B15BB0226BD}.Release|Any CPU.ActiveCfg = Release|Any CPU
		{21F3D0E6-1766-4FC5-9B6B-9B15BB0226BD}.Release|Any CPU.Build.0 = Release|Any CPU
		{37A55CCE-D6D1-413C-B888-A99140430604}.Debug|Any CPU.ActiveCfg = Debug|Any CPU
		{37A55CCE-D6D1-413C-B888-A99140430604}.Debug|Any CPU.Build.0 = Debug|Any CPU
		{37A55CCE-D6D1-413C-B888-A99140430604}.Release|Any CPU.ActiveCfg = Release|Any CPU
		{37A55CCE-D6D1-413C-B888-A99140430604}.Release|Any CPU.Build.0 = Release|Any CPU
		{B68F9C47-4354-4914-8800-5A66710559F5}.Debug|Any CPU.ActiveCfg = Debug|Any CPU
		{B68F9C47-4354-4914-8800-5A66710559F5}.Debug|Any CPU.Build.0 = Debug|Any CPU
		{B68F9C47-4354-4914-8800-5A66710559F5}.Release|Any CPU.ActiveCfg = Release|Any CPU
		{B68F9C47-4354-4914-8800-5A66710559F5}.Release|Any CPU.Build.0 = Release|Any CPU
		{5D7CB060-88B2-4AD1-B021-38C9589F1495}.Debug|Any CPU.ActiveCfg = Debug|Any CPU
		{5D7CB060-88B2-4AD1-B021-38C9589F1495}.Debug|Any CPU.Build.0 = Debug|Any CPU
		{5D7CB060-88B2-4AD1-B021-38C9589F1495}.Release|Any CPU.ActiveCfg = Release|Any CPU
		{5D7CB060-88B2-4AD1-B021-38C9589F1495}.Release|Any CPU.Build.0 = Release|Any CPU
		{9B1BA4C2-76DD-487A-95B2-C25B3AC703B8}.Debug|Any CPU.ActiveCfg = Debug|Any CPU
		{9B1BA4C2-76DD-487A-95B2-C25B3AC703B8}.Debug|Any CPU.Build.0 = Debug|Any CPU
		{9B1BA4C2-76DD-487A-95B2-C25B3AC703B8}.Release|Any CPU.ActiveCfg = Release|Any CPU
		{9B1BA4C2-76DD-487A-95B2-C25B3AC703B8}.Release|Any CPU.Build.0 = Release|Any CPU
	EndGlobalSection
	GlobalSection(NestedProjects) = preSolution
		{CBD35D59-9A66-42D5-8A63-BD64A26169D5} = {140A259E-89E9-4BAD-BC98-C324A1896346}
		{1EF70C2A-286D-4B8A-978A-87A11429AEB9} = {CBD35D59-9A66-42D5-8A63-BD64A26169D5}
		{39CDB305-6C8E-450D-8DB3-B9E62B3795D3} = {140A259E-89E9-4BAD-BC98-C324A1896346}
		{0BC83752-8364-40E4-9CF0-1C67BB8248C7} = {140A259E-89E9-4BAD-BC98-C324A1896346}
		{5C3249E5-72D4-4CC7-B970-98763992E70B} = {0BC83752-8364-40E4-9CF0-1C67BB8248C7}
		{E299F72B-AE8F-4772-B4AD-D1375BC97D7F} = {39CDB305-6C8E-450D-8DB3-B9E62B3795D3}
		{6D9B6F26-77CF-4079-ABBF-E7E5E4B45379} = {39CDB305-6C8E-450D-8DB3-B9E62B3795D3}
		{10B6ADC5-6561-4AF0-B06C-AC90843DED7D} = {140A259E-89E9-4BAD-BC98-C324A1896346}
		{AE9E25EA-6065-42F8-872E-563AE4C4D83C} = {10B6ADC5-6561-4AF0-B06C-AC90843DED7D}
		{F0446D9E-ECC4-440D-AC9E-0A7AF8735536} = {140A259E-89E9-4BAD-BC98-C324A1896346}
		{409EAF91-6A27-4DDC-8383-A9FEB0298011} = {F0446D9E-ECC4-440D-AC9E-0A7AF8735536}
		{246D9718-B5D6-4070-A7C2-987A79A6621B} = {39CDB305-6C8E-450D-8DB3-B9E62B3795D3}
		{B8543FC0-535F-42BA-87DF-0FFC8B2C3FCA} = {9DE89F28-149C-436F-86EC-BED5D212E19C}
		{5951CBE1-F678-4827-97F4-0BA5CBCC53EC} = {9CC8FA35-5931-44C1-B2D0-042B335EB43A}
		{4D916408-DE5F-4B8E-A2F3-8D8A55B62098} = {9CC8FA35-5931-44C1-B2D0-042B335EB43A}
		{7739E123-CA58-4A95-81F4-EBE3D4B82684} = {9CC8FA35-5931-44C1-B2D0-042B335EB43A}
		{21F3D0E6-1766-4FC5-9B6B-9B15BB0226BD} = {4D916408-DE5F-4B8E-A2F3-8D8A55B62098}
		{37A55CCE-D6D1-413C-B888-A99140430604} = {7739E123-CA58-4A95-81F4-EBE3D4B82684}
		{B68F9C47-4354-4914-8800-5A66710559F5} = {5951CBE1-F678-4827-97F4-0BA5CBCC53EC}
		{5D7CB060-88B2-4AD1-B021-38C9589F1495} = {0BC83752-8364-40E4-9CF0-1C67BB8248C7}
		{10E82BA9-1D7C-442B-87DD-46196FF29816} = {140A259E-89E9-4BAD-BC98-C324A1896346}
		{9B1BA4C2-76DD-487A-95B2-C25B3AC703B8} = {10E82BA9-1D7C-442B-87DD-46196FF29816}
	EndGlobalSection
EndGlobal
